{
  "requires": true,
  "lockfileVersion": 1,
  "dependencies": {
    "react-hook-form": {
      "version": "7.2.1",
      "resolved": "https://registry.npmjs.org/react-hook-form/-/react-hook-form-7.2.1.tgz",
      "integrity": "sha512-QopAubhVofqQrwlWLr9aK0DF8tNU8fnU8sJIlw1Tb3tGkEvP9yeaA+cx1hlxYni8xBswtHruL1WcDEa6CYQDow=="
    }
  }
}
